{
  "name": "buddhist-uni.github.io",
  "version": "2.2",
  "lockfileVersion": 2,
  "requires": true,
  "packages": {
    "": {
      "name": "buddhist-uni.github.io",
      "version": "2.2",
      "license": "MIT",
      "devDependencies": {
        "@fortawesome/fontawesome-free": "^6.1.1",
        "@primer/css": "^20.2.0"
      }
    },
    "node_modules/@fortawesome/fontawesome-free": {
      "version": "6.1.1",
      "resolved": "https://registry.npmjs.org/@fortawesome/fontawesome-free/-/fontawesome-free-6.1.1.tgz",
      "integrity": "sha512-J/3yg2AIXc9wznaVqpHVX3Wa5jwKovVF0AMYSnbmcXTiL3PpRPfF58pzWucCwEiCJBp+hCNRLWClTomD8SseKg==",
      "dev": true,
      "hasInstallScript": true,
      "engines": {
        "node": ">=6"
      }
    },
    "node_modules/@primer/css": {
      "version": "20.2.2",
      "resolved": "https://registry.npmjs.org/@primer/css/-/css-20.2.2.tgz",
      "integrity": "sha512-vUy0vMKpdX9f3rhnm5fEIdcg9yxOdRYvjbZk5QoBXtn32oJPonSvIb/7JwVJA+EdiOHTvhRDx9zDpUwOYX+XrQ==",
      "dev": true,
      "dependencies": {
        "@primer/primitives": "^7.8.3"
      },
      "engines": {
        "node": "^12.20.0 || ^14.13.1 || >=16.0.0"
      }
    },
    "node_modules/@primer/primitives": {
      "version": "7.8.3",
      "resolved": "https://registry.npmjs.org/@primer/primitives/-/primitives-7.8.3.tgz",
      "integrity": "sha512-04ZwfJhpZ0QFwDrJfCuLX6iOh0BflWDTvuoRA80lQH9xk0RtIg16INbruwwtnbSgnKKXXRSykRRJ5BbxnqufRA==",
      "dev": true
    }
  },
  "dependencies": {
    "@fortawesome/fontawesome-free": {
      "version": "6.1.1",
      "resolved": "https://registry.npmjs.org/@fortawesome/fontawesome-free/-/fontawesome-free-6.1.1.tgz",
      "integrity": "sha512-J/3yg2AIXc9wznaVqpHVX3Wa5jwKovVF0AMYSnbmcXTiL3PpRPfF58pzWucCwEiCJBp+hCNRLWClTomD8SseKg==",
      "dev": true
    },
    "@primer/css": {
      "version": "20.2.2",
      "resolved": "https://registry.npmjs.org/@primer/css/-/css-20.2.2.tgz",
      "integrity": "sha512-vUy0vMKpdX9f3rhnm5fEIdcg9yxOdRYvjbZk5QoBXtn32oJPonSvIb/7JwVJA+EdiOHTvhRDx9zDpUwOYX+XrQ==",
      "dev": true,
      "requires": {
        "@primer/primitives": "^7.8.3"
      }
    },
    "@primer/primitives": {
      "version": "7.8.3",
      "resolved": "https://registry.npmjs.org/@primer/primitives/-/primitives-7.8.3.tgz",
      "integrity": "sha512-04ZwfJhpZ0QFwDrJfCuLX6iOh0BflWDTvuoRA80lQH9xk0RtIg16INbruwwtnbSgnKKXXRSykRRJ5BbxnqufRA==",
      "dev": true
    }
  }
}
